
Microsoft Visual Studio Solution File, Format Version 12.00
# Visual Studio Version 16
VisualStudioVersion = 25.0.1706.6
MinimumVisualStudioVersion = 10.0.40219.1
Project("{FAE04EC0-301F-11D3-BF4B-00C04F79EFBC}") = "StringClass", "StringClass\StringClass.csproj", "{9BD9232D-A38A-4B74-977F-B926C7520095}"
EndProject
Global
	GlobalSection(SolutionConfigurationPlatforms) = preSolution
		Debug|Any CPU = Debug|Any CPU
		Release|Any CPU = Release|Any CPU
	EndGlobalSection
	GlobalSection(ProjectConfigurationPlatforms) = postSolution
		{9BD9232D-A38A-4B74-977F-B926C7520095}.Debug|Any CPU.ActiveCfg = Debug|Any CPU
		{9BD9232D-A38A-4B74-977F-B926C7520095}.Debug|Any CPU.Build.0 = Debug|Any CPU
		{9BD9232D-A38A-4B74-977F-B926C7520095}.Release|Any CPU.ActiveCfg = Release|Any CPU
		{9BD9232D-A38A-4B74-977F-B926C7520095}.Release|Any CPU.Build.0 = Release|Any CPU
	EndGlobalSection
	GlobalSection(SolutionProperties) = preSolution
		HideSolutionNode = FALSE
	EndGlobalSection
	GlobalSection(ExtensibilityGlobals) = postSolution
		SolutionGuid = {65B2A1FD-9C13-4959-AF4A-FBBBBDFF5C64}
	EndGlobalSection
EndGlobal
